
Microsoft Visual Studio Solution File, Format Version 12.00
# Visual Studio Version 17
VisualStudioVersion = 17.12.35527.113
MinimumVisualStudioVersion = 10.0.40219.1
Project("{2150E333-8FDC-42A3-9474-1A3956D46DE8}") = "src", "src", "{0522D699-E8D0-48E3-999A-29BC8CF34C10}"
EndProject
Project("{2150E333-8FDC-42A3-9474-1A3956D46DE8}") = "Common", "Common", "{258AB40E-A703-4901-A9E1-673F451E2168}"
EndProject
Project("{2150E333-8FDC-42A3-9474-1A3956D46DE8}") = "Core", "Core", "{E628911D-6613-41C4-947A-5154EC3865C0}"
EndProject
Project("{2150E333-8FDC-42A3-9474-1A3956D46DE8}") = "Infrastructure", "Infrastructure", "{DA5FE0F9-8EC3-4915-B554-3BCE55A7DD04}"
EndProject
Project("{2150E333-8FDC-42A3-9474-1A3956D46DE8}") = "Presentation", "Presentation", "{3A849252-ADF2-4E9E-B47B-E7B138E9DA5E}"
EndProject
Project("{FAE04EC0-301F-11D3-BF4B-00C04F79EFBC}") = "TuneHive.WebAPI", "TuneHive.WebAPI\TuneHive.WebAPI.csproj", "{A8469B07-8A87-464F-A8B8-6D6F5AD4754F}"
EndProject
Project("{FAE04EC0-301F-11D3-BF4B-00C04F79EFBC}") = "TuneHive.Common", "TuneHive.Common\TuneHive.Common.csproj", "{072E3352-6BF0-4643-AD25-48F1657C2D63}"
EndProject
Project("{FAE04EC0-301F-11D3-BF4B-00C04F79EFBC}") = "TuneHive.Application", "TuneHive.Application\TuneHive.Application.csproj", "{61FBFD0B-2018-47C9-9865-FCDFB946F034}"
EndProject
Project("{FAE04EC0-301F-11D3-BF4B-00C04F79EFBC}") = "TuneHive.Domain", "TuneHive.Domain\TuneHive.Domain.csproj", "{B332EAD7-E7F6-4B9E-AB7F-05E8C98030DD}"
EndProject
Project("{FAE04EC0-301F-11D3-BF4B-00C04F79EFBC}") = "TuneHive.Persistence", "TuneHive.Persistence\TuneHive.Persistence.csproj", "{790A5E65-A311-4EAD-A6A9-3F45E8E77D8B}"
EndProject
Global
	GlobalSection(SolutionConfigurationPlatforms) = preSolution
		Debug|Any CPU = Debug|Any CPU
		Release|Any CPU = Release|Any CPU
	EndGlobalSection
	GlobalSection(ProjectConfigurationPlatforms) = postSolution
		{A8469B07-8A87-464F-A8B8-6D6F5AD4754F}.Debug|Any CPU.ActiveCfg = Debug|Any CPU
		{A8469B07-8A87-464F-A8B8-6D6F5AD4754F}.Debug|Any CPU.Build.0 = Debug|Any CPU
		{A8469B07-8A87-464F-A8B8-6D6F5AD4754F}.Release|Any CPU.ActiveCfg = Release|Any CPU
		{A8469B07-8A87-464F-A8B8-6D6F5AD4754F}.Release|Any CPU.Build.0 = Release|Any CPU
		{072E3352-6BF0-4643-AD25-48F1657C2D63}.Debug|Any CPU.ActiveCfg = Debug|Any CPU
		{072E3352-6BF0-4643-AD25-48F1657C2D63}.Debug|Any CPU.Build.0 = Debug|Any CPU
		{072E3352-6BF0-4643-AD25-48F1657C2D63}.Release|Any CPU.ActiveCfg = Release|Any CPU
		{072E3352-6BF0-4643-AD25-48F1657C2D63}.Release|Any CPU.Build.0 = Release|Any CPU
		{61FBFD0B-2018-47C9-9865-FCDFB946F034}.Debug|Any CPU.ActiveCfg = Debug|Any CPU
		{61FBFD0B-2018-47C9-9865-FCDFB946F034}.Debug|Any CPU.Build.0 = Debug|Any CPU
		{61FBFD0B-2018-47C9-9865-FCDFB946F034}.Release|Any CPU.ActiveCfg = Release|Any CPU
		{61FBFD0B-2018-47C9-9865-FCDFB946F034}.Release|Any CPU.Build.0 = Release|Any CPU
		{B332EAD7-E7F6-4B9E-AB7F-05E8C98030DD}.Debug|Any CPU.ActiveCfg = Debug|Any CPU
		{B332EAD7-E7F6-4B9E-AB7F-05E8C98030DD}.Debug|Any CPU.Build.0 = Debug|Any CPU
		{B332EAD7-E7F6-4B9E-AB7F-05E8C98030DD}.Release|Any CPU.ActiveCfg = Release|Any CPU
		{B332EAD7-E7F6-4B9E-AB7F-05E8C98030DD}.Release|Any CPU.Build.0 = Release|Any CPU
		{790A5E65-A311-4EAD-A6A9-3F45E8E77D8B}.Debug|Any CPU.ActiveCfg = Debug|Any CPU
		{790A5E65-A311-4EAD-A6A9-3F45E8E77D8B}.Debug|Any CPU.Build.0 = Debug|Any CPU
		{790A5E65-A311-4EAD-A6A9-3F45E8E77D8B}.Release|Any CPU.ActiveCfg = Release|Any CPU
		{790A5E65-A311-4EAD-A6A9-3F45E8E77D8B}.Release|Any CPU.Build.0 = Release|Any CPU
	EndGlobalSection
	GlobalSection(SolutionProperties) = preSolution
		HideSolutionNode = FALSE
	EndGlobalSection
	GlobalSection(NestedProjects) = preSolution
		{258AB40E-A703-4901-A9E1-673F451E2168} = {0522D699-E8D0-48E3-999A-29BC8CF34C10}
		{E628911D-6613-41C4-947A-5154EC3865C0} = {0522D699-E8D0-48E3-999A-29BC8CF34C10}
		{DA5FE0F9-8EC3-4915-B554-3BCE55A7DD04} = {0522D699-E8D0-48E3-999A-29BC8CF34C10}
		{3A849252-ADF2-4E9E-B47B-E7B138E9DA5E} = {0522D699-E8D0-48E3-999A-29BC8CF34C10}
		{A8469B07-8A87-464F-A8B8-6D6F5AD4754F} = {3A849252-ADF2-4E9E-B47B-E7B138E9DA5E}
		{072E3352-6BF0-4643-AD25-48F1657C2D63} = {258AB40E-A703-4901-A9E1-673F451E2168}
		{61FBFD0B-2018-47C9-9865-FCDFB946F034} = {E628911D-6613-41C4-947A-5154EC3865C0}
		{B332EAD7-E7F6-4B9E-AB7F-05E8C98030DD} = {E628911D-6613-41C4-947A-5154EC3865C0}
		{790A5E65-A311-4EAD-A6A9-3F45E8E77D8B} = {DA5FE0F9-8EC3-4915-B554-3BCE55A7DD04}
	EndGlobalSection
EndGlobal
